{
    "_readme": [
        "This file locks the dependencies of your project to a known state",
        "Read more about it at https://getcomposer.org/doc/01-basic-usage.md#composer-lock-the-lock-file",
        "This file is @generated automatically"
    ],
    "hash": "e289b9da3ff2e424d423c92252a846a4",
    "content-hash": "f1cac7119f2f5e1240e4aca0533a2377",
    "packages": [
        {
            "name": "chanhong/pdolite",
            "version": "dev-master",
            "source": {
                "type": "git",
                "url": "https://github.com/chanhong/pdolite.git",
                "reference": "2c3ee24419a977da8fff4e2d0288b3ed0ff854da"
            },
            "dist": {
                "type": "zip",
                "url": "https://api.github.com/repos/chanhong/pdolite/zipball/2c3ee24419a977da8fff4e2d0288b3ed0ff854da",
                "reference": "2c3ee24419a977da8fff4e2d0288b3ed0ff854da",
                "shasum": ""
            },
            "require": {
                "php": ">=5.3.0"
            },
            "type": "library",
            "extra": {
                "branch-alias": {
                    "dev-master": "1.0-dev"
                }
            },
            "autoload": {
                "psr-4": {
                    "PdoLite\\": "/src"
                }
            },
            "notification-url": "https://packagist.org/downloads/",
            "license": [
                "MIT"
            ],
            "authors": [
                {
                    "name": "Chanh Ong",
                    "homepage": "https://github.com/chanhong"
                }
            ],
            "description": "database lite classes for mysql, sqlsrv, sqlite, odbc, pdo (mysql, sqlite, sqlsrv)",
            "keywords": [
                "db",
                "lite",
                "pdolite"
            ],
            "time": "2016-06-21 22:16:02"
        }
    ],
    "packages-dev": [],
    "aliases": [],
    "minimum-stability": "stable",
    "stability-flags": {
        "chanhong/pdolite": 20
    },
    "prefer-stable": false,
    "prefer-lowest": false,
    "platform": {
        "php": ">=5.3.0"
    },
    "platform-dev": []
}
